
Microsoft Visual Studio Solution File, Format Version 12.00
# Visual Studio Version 17
VisualStudioVersion = 17.3.32901.215
MinimumVisualStudioVersion = 10.0.40219.1
Project("{FAE04EC0-301F-11D3-BF4B-00C04F79EFBC}") = "Appi_login", "Appi_login\Appi_login.csproj", "{910977A1-14E1-46C3-99F2-075B7D87FECD}"
EndProject
Global
	GlobalSection(SolutionConfigurationPlatforms) = preSolution
		Debug|Any CPU = Debug|Any CPU
		Release|Any CPU = Release|Any CPU
	EndGlobalSection
	GlobalSection(ProjectConfigurationPlatforms) = postSolution
		{910977A1-14E1-46C3-99F2-075B7D87FECD}.Debug|Any CPU.ActiveCfg = Debug|Any CPU
		{910977A1-14E1-46C3-99F2-075B7D87FECD}.Debug|Any CPU.Build.0 = Debug|Any CPU
		{910977A1-14E1-46C3-99F2-075B7D87FECD}.Release|Any CPU.ActiveCfg = Release|Any CPU
		{910977A1-14E1-46C3-99F2-075B7D87FECD}.Release|Any CPU.Build.0 = Release|Any CPU
	EndGlobalSection
	GlobalSection(SolutionProperties) = preSolution
		HideSolutionNode = FALSE
	EndGlobalSection
	GlobalSection(ExtensibilityGlobals) = postSolution
		SolutionGuid = {7266E97C-A8EE-4062-9070-24726FC2B35E}
	EndGlobalSection
EndGlobal
